<?xml version="1.0" encoding="utf-8"?>
<Project ToolsVersion="4.0" xmlns="http://schemas.microsoft.com/developer/msbuild/2003">
  <ItemGroup>
    <Filter Include="Source Files">
      <UniqueIdentifier>{4FC737F1-C7A5-4376-A066-2A32D752A2FF}</UniqueIdentifier>
      <Extensions>cpp;c;cc;cxx;c++;cppm;ixx;def;odl;idl;hpj;bat;asm;asmx</Extensions>
    </Filter>
    <Filter Include="Header Files">
      <UniqueIdentifier>{93995380-89BD-4b04-88EB-625FBE52EBFB}</UniqueIdentifier>
      <Extensions>h;hh;hpp;hxx;h++;hm;inl;inc;ipp;xsd</Extensions>
    </Filter>
    <Filter Include="Resource Files">
      <UniqueIdentifier>{67DA6AB6-F800-4c08-8B7A-83BB121AAD01}</UniqueIdentifier>
      <Extensions>rc;ico;cur;bmp;dlg;rc2;rct;bin;rgs;gif;jpg;jpeg;jpe;resx;tiff;tif;png;wav;mfcribbon-ms</Extensions>
    </Filter>
    <Filter Include="Header Files\Memory">
      <UniqueIdentifier>{4643f9a2-2e9a-4a6f-ac16-7a4b6c1e1c2a}</UniqueIdentifier>
    </Filter>
    <Filter Include="Header Files\Render">
      <UniqueIdentifier>{46bcd6e7-7e5d-4019-9d6a-e10414dd0b1d}</UniqueIdentifier>
    </Filter>
    <Filter Include="Header Files\Console">
      <UniqueIdentifier>{2a56fe83-863d-439f-92e6-9bcacb780791}</UniqueIdentifier>
    </Filter>
    <Filter Include="Header Files\Console\fmt">
      <UniqueIdentifier>{003ed091-9799-41da-9ab3-8a25c9ad0d0d}</UniqueIdentifier>
    </Filter>
    <Filter Include="Header Files\Misc">
      <UniqueIdentifier>{8ed5eea7-3c7e-4072-8a5c-bf636d95d0db}</UniqueIdentifier>
    </Filter>
    <Filter Include="Header Files\Hacks">
      <UniqueIdentifier>{13e519e1-2655-45d8-b22a-ce8359782e4a}</UniqueIdentifier>
    </Filter>
    <Filter Include="Header Files\Game">
      <UniqueIdentifier>{184cf934-1cc2-44c8-a6a5-f67d8cc2993c}</UniqueIdentifier>
    </Filter>
    <Filter Include="Header Files\Render\imgui">
      <UniqueIdentifier>{e6295ae4-8ec5-4a77-a292-8b4e57003809}</UniqueIdentifier>
    </Filter>
  </ItemGroup>
  <ItemGroup>
    <ClCompile Include="Main.cpp">
      <Filter>Source Files</Filter>
    </ClCompile>
    <ClCompile Include="..\Common\Console\fmt\format.cc">
      <Filter>Header Files\Console\fmt</Filter>
    </ClCompile>
    <ClCompile Include="..\Common\Console\fmt\os.cc">
      <Filter>Header Files\Console\fmt</Filter>
    </ClCompile>
    <ClCompile Include="Render\Overlay.cpp">
      <Filter>Header Files\Render</Filter>
    </ClCompile>
    <ClCompile Include="Render\Renderer.cpp">
      <Filter>Header Files\Render</Filter>
    </ClCompile>
    <ClCompile Include="imgui\imgui.cpp">
      <Filter>Header Files\Render\imgui</Filter>
    </ClCompile>
    <ClCompile Include="imgui\imgui_demo.cpp">
      <Filter>Header Files\Render\imgui</Filter>
    </ClCompile>
    <ClCompile Include="imgui\imgui_draw.cpp">
      <Filter>Header Files\Render\imgui</Filter>
    </ClCompile>
    <ClCompile Include="imgui\imgui_impl_dx9.cpp">
      <Filter>Header Files\Render\imgui</Filter>
    </ClCompile>
    <ClCompile Include="imgui\imgui_impl_win32.cpp">
      <Filter>Header Files\Render\imgui</Filter>
    </ClCompile>
    <ClCompile Include="imgui\imgui_widgets.cpp">
      <Filter>Header Files\Render\imgui</Filter>
    </ClCompile>
  </ItemGroup>
  <ItemGroup>
    <ClInclude Include="Memory\Memory.h">
      <Filter>Header Files\Memory</Filter>
    </ClInclude>
    <ClInclude Include="..\Common\Console\Console.h">
      <Filter>Header Files\Console</Filter>
    </ClInclude>
    <ClInclude Include="..\Common\Console\fmt\chrono.h">
      <Filter>Header Files\Console\fmt</Filter>
    </ClInclude>
    <ClInclude Include="..\Common\Console\fmt\color.h">
      <Filter>Header Files\Console\fmt</Filter>
    </ClInclude>
    <ClInclude Include="..\Common\Console\fmt\compile.h">
      <Filter>Header Files\Console\fmt</Filter>
    </ClInclude>
    <ClInclude Include="..\Common\Console\fmt\core.h">
      <Filter>Header Files\Console\fmt</Filter>
    </ClInclude>
    <ClInclude Include="..\Common\Console\fmt\format.h">
      <Filter>Header Files\Console\fmt</Filter>
    </ClInclude>
    <ClInclude Include="..\Common\Console\fmt\format-inl.h">
      <Filter>Header Files\Console\fmt</Filter>
    </ClInclude>
    <ClInclude Include="..\Common\Console\fmt\locale.h">
      <Filter>Header Files\Console\fmt</Filter>
    </ClInclude>
    <ClInclude Include="..\Common\Console\fmt\os.h">
      <Filter>Header Files\Console\fmt</Filter>
    </ClInclude>
    <ClInclude Include="..\Common\Console\fmt\ostream.h">
      <Filter>Header Files\Console\fmt</Filter>
    </ClInclude>
    <ClInclude Include="..\Common\Console\fmt\posix.h">
      <Filter>Header Files\Console\fmt</Filter>
    </ClInclude>
    <ClInclude Include="..\Common\Console\fmt\printf.h">
      <Filter>Header Files\Console\fmt</Filter>
    </ClInclude>
    <ClInclude Include="..\Common\Console\fmt\ranges.h">
      <Filter>Header Files\Console\fmt</Filter>
    </ClInclude>
    <ClInclude Include="Misc\Defs.h">
      <Filter>Header Files\Misc</Filter>
    </ClInclude>
    <ClInclude Include="Misc\Misc.h">
      <Filter>Header Files\Misc</Filter>
    </ClInclude>
    <ClInclude Include="Misc\Vector.h">
      <Filter>Header Files\Misc</Filter>
    </ClInclude>
    <ClInclude Include="Hacks\Aimbot.h">
      <Filter>Header Files\Hacks</Filter>
    </ClInclude>
    <ClInclude Include="Hacks\Misc.h">
      <Filter>Header Files\Hacks</Filter>
    </ClInclude>
    <ClInclude Include="Hacks\Visuals.h">
      <Filter>Header Files\Hacks</Filter>
    </ClInclude>
    <ClInclude Include="Game\Game.h">
      <Filter>Header Files\Game</Filter>
    </ClInclude>
    <ClInclude Include="Game\Offsets.h">
      <Filter>Header Files\Game</Filter>
    </ClInclude>
    <ClInclude Include="Render\Color.h">
      <Filter>Header Files\Render</Filter>
    </ClInclude>
    <ClInclude Include="Render\Overlay.h">
      <Filter>Header Files\Render</Filter>
    </ClInclude>
    <ClInclude Include="Render\Renderer.h">
      <Filter>Header Files\Render</Filter>
    </ClInclude>
    <ClInclude Include="imgui\imconfig.h">
      <Filter>Header Files\Render\imgui</Filter>
    </ClInclude>
    <ClInclude Include="imgui\imgui.h">
      <Filter>Header Files\Render\imgui</Filter>
    </ClInclude>
    <ClInclude Include="imgui\imgui_impl_dx9.h">
      <Filter>Header Files\Render\imgui</Filter>
    </ClInclude>
    <ClInclude Include="imgui\imgui_impl_win32.h">
      <Filter>Header Files\Render\imgui</Filter>
    </ClInclude>
    <ClInclude Include="imgui\imgui_internal.h">
      <Filter>Header Files\Render\imgui</Filter>
    </ClInclude>
    <ClInclude Include="imgui\imstb_rectpack.h">
      <Filter>Header Files\Render\imgui</Filter>
    </ClInclude>
    <ClInclude Include="imgui\imstb_textedit.h">
      <Filter>Header Files\Render\imgui</Filter>
    </ClInclude>
    <ClInclude Include="imgui\imstb_truetype.h">
      <Filter>Header Files\Render\imgui</Filter>
    </ClInclude>
  </ItemGroup>
  <ItemGroup>
    <ResourceCompile Include="Usermode.rc">
      <Filter>Resource Files</Filter>
    </ResourceCompile>
  </ItemGroup>
</Project>